
Microsoft Visual Studio Solution File, Format Version 12.00
# Visual Studio Version 16
VisualStudioVersion = 16.0.28721.148
MinimumVisualStudioVersion = 10.0.40219.1
Project("{9A19103F-16F7-4668-BE54-9A1E7A4F7556}") = "KryptoKlasy", "KryptoKlasy\KryptoKlasy.csproj", "{B1DF0469-6F8C-46A3-9807-E5115991A2AD}"
EndProject
Project("{FAE04EC0-301F-11D3-BF4B-00C04F79EFBC}") = "KryptoKlasyTests", "KryptoKlasyTests\KryptoKlasyTests.csproj", "{9FF0128A-C2EF-45E7-AAC4-16EBC3836F91}"
EndProject
Global
	GlobalSection(SolutionConfigurationPlatforms) = preSolution
		Debug|Any CPU = Debug|Any CPU
		Release|Any CPU = Release|Any CPU
	EndGlobalSection
	GlobalSection(ProjectConfigurationPlatforms) = postSolution
		{B1DF0469-6F8C-46A3-9807-E5115991A2AD}.Debug|Any CPU.ActiveCfg = Debug|Any CPU
		{B1DF0469-6F8C-46A3-9807-E5115991A2AD}.Debug|Any CPU.Build.0 = Debug|Any CPU
		{B1DF0469-6F8C-46A3-9807-E5115991A2AD}.Release|Any CPU.ActiveCfg = Release|Any CPU
		{B1DF0469-6F8C-46A3-9807-E5115991A2AD}.Release|Any CPU.Build.0 = Release|Any CPU
		{9FF0128A-C2EF-45E7-AAC4-16EBC3836F91}.Debug|Any CPU.ActiveCfg = Debug|Any CPU
		{9FF0128A-C2EF-45E7-AAC4-16EBC3836F91}.Debug|Any CPU.Build.0 = Debug|Any CPU
		{9FF0128A-C2EF-45E7-AAC4-16EBC3836F91}.Release|Any CPU.ActiveCfg = Release|Any CPU
		{9FF0128A-C2EF-45E7-AAC4-16EBC3836F91}.Release|Any CPU.Build.0 = Release|Any CPU
	EndGlobalSection
	GlobalSection(SolutionProperties) = preSolution
		HideSolutionNode = FALSE
	EndGlobalSection
	GlobalSection(ExtensibilityGlobals) = postSolution
		SolutionGuid = {BA51A241-6EC6-4D00-AF1A-F80D2BCE90BF}
	EndGlobalSection
EndGlobal
